{
  "nodes": {
    "gitignore": {
      "inputs": {
        "nixpkgs": [
          "wakatime-ls",
          "nixpkgs"
        ]
      },
      "locked": {
        "lastModified": 1709087332,
        "narHash": "sha256-HG2cCnktfHsKV0s4XW83gU3F57gaTljL9KNSuG6bnQs=",
        "owner": "hercules-ci",
        "repo": "gitignore.nix",
        "rev": "637db329424fd7e46cf4185293b9cc8c88c95394",
        "type": "github"
      },
      "original": {
        "owner": "hercules-ci",
        "repo": "gitignore.nix",
        "type": "github"
      }
    },
    "home-manager": {
      "inputs": {
        "nixpkgs": [
          "nixpkgs"
        ]
      },
      "locked": {
        "lastModified": 1756679287,
        "narHash": "sha256-Xd1vOeY9ccDf5VtVK12yM0FS6qqvfUop8UQlxEB+gTQ=",
        "owner": "nix-community",
        "repo": "home-manager",
        "rev": "07fc025fe10487dd80f2ec694f1cd790e752d0e8",
        "type": "github"
      },
      "original": {
        "owner": "nix-community",
        "ref": "release-25.05",
        "repo": "home-manager",
        "type": "github"
      }
    },
    "nixos-hardware": {
      "locked": {
        "lastModified": 1757103352,
        "narHash": "sha256-PtT7ix43ss8PONJ1VJw3f6t2yAoGH+q462Sn8lrmWmk=",
        "owner": "NixOS",
        "repo": "nixos-hardware",
        "rev": "11b2a10c7be726321bb854403fdeec391e798bf0",
        "type": "github"
      },
      "original": {
        "owner": "NixOS",
        "ref": "master",
        "repo": "nixos-hardware",
        "type": "github"
      }
    },
    "nixpkgs": {
      "locked": {
        "lastModified": 1757408970,
        "narHash": "sha256-aSgK4BLNFFGvDTNKPeB28lVXYqVn8RdyXDNAvgGq+k0=",
        "owner": "NixOS",
        "repo": "nixpkgs",
        "rev": "d179d77c139e0a3f5c416477f7747e9d6b7ec315",
        "type": "github"
      },
      "original": {
        "owner": "NixOS",
        "ref": "nixos-25.05",
        "repo": "nixpkgs",
        "type": "github"
      }
    },
    "root": {
      "inputs": {
        "home-manager": "home-manager",
        "nixos-hardware": "nixos-hardware",
        "nixpkgs": "nixpkgs",
        "wakatime-ls": "wakatime-ls"
      }
    },
    "rust-overlay": {
      "inputs": {
        "nixpkgs": [
          "wakatime-ls",
          "nixpkgs"
        ]
      },
      "locked": {
        "lastModified": 1748746145,
        "narHash": "sha256-bwkCAK9pOyI2Ww4Q4oO1Ynv7O9aZPrsIAMMASmhVGp4=",
        "owner": "oxalica",
        "repo": "rust-overlay",
        "rev": "12a0d94a2f2b06714f747ab97b2fa546f46b460c",
        "type": "github"
      },
      "original": {
        "owner": "oxalica",
        "repo": "rust-overlay",
        "type": "github"
      }
    },
    "wakatime-ls": {
      "inputs": {
        "gitignore": "gitignore",
        "nixpkgs": [
          "nixpkgs"
        ],
        "rust-overlay": "rust-overlay"
      },
      "locked": {
        "lastModified": 1752245636,
        "narHash": "sha256-T6nLp1UsnKwrL7coEgH+aTcTavM5OIiNRufA3sM2okk=",
        "owner": "mrnossiom",
        "repo": "wakatime-ls",
        "rev": "711644814c8e6842499c6c0852407321e9901597",
        "type": "github"
      },
      "original": {
        "owner": "mrnossiom",
        "repo": "wakatime-ls",
        "type": "github"
      }
    }
  },
  "root": "root",
  "version": 7
}
